// !$*UTF8*$!
{
	archiveVersion = 1;
	classes = {
	};
	objectVersion = 56;
	objects = {

/* Begin PBXBuildFile section */
		2626B45DA7BEBF71A43B40F9 /* Pods_IosCourseSwiftUi_IosCourseSwiftUiUITests.framework in Frameworks */ = {isa = PBXBuildFile; fileRef = 22D97E5DF7A5317B176E800E /* Pods_IosCourseSwiftUi_IosCourseSwiftUiUITests.framework */; };
		2F40616CC9F89EAE3A4EA616 /* Pods_IosCourseSwiftUi.framework in Frameworks */ = {isa = PBXBuildFile; fileRef = 9164827100F6DE236A6D6160 /* Pods_IosCourseSwiftUi.framework */; };
		5217877B2A7BEA6100CA6223 /* Components.swift in Sources */ = {isa = PBXBuildFile; fileRef = 5217877A2A7BEA6100CA6223 /* Components.swift */; };
		5217877E2A7C04A200CA6223 /* ViewModelModule.swift in Sources */ = {isa = PBXBuildFile; fileRef = 5217877D2A7C04A100CA6223 /* ViewModelModule.swift */; };
		5233073C2A785DF0003AB0EF /* Inject.swift in Sources */ = {isa = PBXBuildFile; fileRef = 5233073B2A785DF0003AB0EF /* Inject.swift */; };
		5233073E2A785E10003AB0EF /* Resolver.swift in Sources */ = {isa = PBXBuildFile; fileRef = 5233073D2A785E10003AB0EF /* Resolver.swift */; };
		523307402A785E5C003AB0EF /* RepositoriesModule.swift in Sources */ = {isa = PBXBuildFile; fileRef = 5233073F2A785E5C003AB0EF /* RepositoriesModule.swift */; };
		523A69B32A6D493D00648710 /* LoginViewModel.swift in Sources */ = {isa = PBXBuildFile; fileRef = 523A69B22A6D493D00648710 /* LoginViewModel.swift */; };
		523A69B72A6D558400648710 /* DataBaseCourse.swift in Sources */ = {isa = PBXBuildFile; fileRef = 523A69B62A6D558400648710 /* DataBaseCourse.swift */; };
		523A69B92A6D562600648710 /* UserUseCase.swift in Sources */ = {isa = PBXBuildFile; fileRef = 523A69B82A6D562600648710 /* UserUseCase.swift */; };
		5245F6CB2A65B9CA007E4EBC /* IosCourseSwiftUiApp.swift in Sources */ = {isa = PBXBuildFile; fileRef = 5245F6CA2A65B9CA007E4EBC /* IosCourseSwiftUiApp.swift */; };
		5245F6CD2A65B9CA007E4EBC /* SplashScreen.swift in Sources */ = {isa = PBXBuildFile; fileRef = 5245F6CC2A65B9CA007E4EBC /* SplashScreen.swift */; };
		5245F6CF2A65B9CC007E4EBC /* Assets.xcassets in Resources */ = {isa = PBXBuildFile; fileRef = 5245F6CE2A65B9CC007E4EBC /* Assets.xcassets */; };
		5245F6D22A65B9CC007E4EBC /* Preview Assets.xcassets in Resources */ = {isa = PBXBuildFile; fileRef = 5245F6D12A65B9CC007E4EBC /* Preview Assets.xcassets */; };
		5245F6D72A65B9CC007E4EBC /* IosCourseSwiftUi.xcdatamodeld in Sources */ = {isa = PBXBuildFile; fileRef = 5245F6D52A65B9CC007E4EBC /* IosCourseSwiftUi.xcdatamodeld */; };
		5245F6E12A65B9CC007E4EBC /* IosCourseSwiftUiTests.swift in Sources */ = {isa = PBXBuildFile; fileRef = 5245F6E02A65B9CC007E4EBC /* IosCourseSwiftUiTests.swift */; };
		5245F6EB2A65B9CC007E4EBC /* IosCourseSwiftUiUITests.swift in Sources */ = {isa = PBXBuildFile; fileRef = 5245F6EA2A65B9CC007E4EBC /* IosCourseSwiftUiUITests.swift */; };
		5245F6ED2A65B9CC007E4EBC /* IosCourseSwiftUiUITestsLaunchTests.swift in Sources */ = {isa = PBXBuildFile; fileRef = 5245F6EC2A65B9CC007E4EBC /* IosCourseSwiftUiUITestsLaunchTests.swift */; };
		528A70CB2A6EBB0E00E45CB1 /* RegisterViewModel.swift in Sources */ = {isa = PBXBuildFile; fileRef = 528A70CA2A6EBB0E00E45CB1 /* RegisterViewModel.swift */; };
		529B428C2A7467BB00FD38CC /* IAppUseCase.swift in Sources */ = {isa = PBXBuildFile; fileRef = 529B428B2A7467BB00FD38CC /* IAppUseCase.swift */; };
		529B42902A747A1A00FD38CC /* IUserUseCase.swift in Sources */ = {isa = PBXBuildFile; fileRef = 529B428F2A747A1A00FD38CC /* IUserUseCase.swift */; };
		529B42942A7484DE00FD38CC /* IDataUseCase.swift in Sources */ = {isa = PBXBuildFile; fileRef = 529B42932A7484DE00FD38CC /* IDataUseCase.swift */; };
		529E086A2A7B24810046B176 /* IManagerUserDefault.swift in Sources */ = {isa = PBXBuildFile; fileRef = 529E08692A7B24810046B176 /* IManagerUserDefault.swift */; };
		529E086C2A7B25110046B176 /* IDataBaseCourse.swift in Sources */ = {isa = PBXBuildFile; fileRef = 529E086B2A7B25110046B176 /* IDataBaseCourse.swift */; };
		529E086E2A7B2AC00046B176 /* IRepository.swift in Sources */ = {isa = PBXBuildFile; fileRef = 529E086D2A7B2AC00046B176 /* IRepository.swift */; };
		529E08722A7B2B7C0046B176 /* UseCaseModule.swift in Sources */ = {isa = PBXBuildFile; fileRef = 529E08712A7B2B7C0046B176 /* UseCaseModule.swift */; };
		52A7CC8C2A6DEDFA00F4813D /* PersistenceController.swift in Sources */ = {isa = PBXBuildFile; fileRef = 52A7CC8B2A6DEDFA00F4813D /* PersistenceController.swift */; };
		52A7CC8F2A6DFAD700F4813D /* RegisterScreem.swift in Sources */ = {isa = PBXBuildFile; fileRef = 52A7CC8E2A6DFAD700F4813D /* RegisterScreem.swift */; };
		52AEBFE72A671DAC00EE7775 /* LoginScreen.swift in Sources */ = {isa = PBXBuildFile; fileRef = 52AEBFE62A671DAC00EE7775 /* LoginScreen.swift */; };
		52AEBFEA2A6723C200EE7775 /* DelayedNavigationLink.swift in Sources */ = {isa = PBXBuildFile; fileRef = 52AEBFE92A6723C200EE7775 /* DelayedNavigationLink.swift */; };
		52CCCD972A6826DB00A70826 /* SplashViewModel.swift in Sources */ = {isa = PBXBuildFile; fileRef = 52CCCD962A6826DB00A70826 /* SplashViewModel.swift */; };
		52CCCD9C2A6834F800A70826 /* AppUseCase.swift in Sources */ = {isa = PBXBuildFile; fileRef = 52CCCD9B2A6834F700A70826 /* AppUseCase.swift */; };
		52CCCD9F2A68354B00A70826 /* ManagerUserDefaultt.swift in Sources */ = {isa = PBXBuildFile; fileRef = 52CCCD9E2A68354B00A70826 /* ManagerUserDefaultt.swift */; };
		52CCCDAB2A68593000A70826 /* HomeScreem.swift in Sources */ = {isa = PBXBuildFile; fileRef = 52CCCDAA2A68593000A70826 /* HomeScreem.swift */; };
		52F4EE132A733276002FB485 /* HomeViewModel.swift in Sources */ = {isa = PBXBuildFile; fileRef = 52F4EE122A733276002FB485 /* HomeViewModel.swift */; };
		52F4EE162A7332EF002FB485 /* Repository.swift in Sources */ = {isa = PBXBuildFile; fileRef = 52F4EE152A7332EF002FB485 /* Repository.swift */; };
		52F4EE182A7337DD002FB485 /* DataUseCase.swift in Sources */ = {isa = PBXBuildFile; fileRef = 52F4EE172A7337DD002FB485 /* DataUseCase.swift */; };
		52F4EE1A2A733828002FB485 /* RecipesModel.swift in Sources */ = {isa = PBXBuildFile; fileRef = 52F4EE192A733828002FB485 /* RecipesModel.swift */; };
		52F4EE1D2A73386E002FB485 /* RecipesResponse.swift in Sources */ = {isa = PBXBuildFile; fileRef = 52F4EE1C2A73386E002FB485 /* RecipesResponse.swift */; };
		52F95E1B2A6715E30094DCD9 /* background_splash.png in Resources */ = {isa = PBXBuildFile; fileRef = 52F95E1A2A6715E30094DCD9 /* background_splash.png */; };
		66A5736CADABBEEBBDDDBDA6 /* Pods_IosCourseSwiftUiTests.framework in Frameworks */ = {isa = PBXBuildFile; fileRef = D95BFD95D9369C176C467B5B /* Pods_IosCourseSwiftUiTests.framework */; };
/* End PBXBuildFile section */

/* Begin PBXContainerItemProxy section */
		5245F6DD2A65B9CC007E4EBC /* PBXContainerItemProxy */ = {
			isa = PBXContainerItemProxy;
			containerPortal = 5245F6BF2A65B9C9007E4EBC /* Project object */;
			proxyType = 1;
			remoteGlobalIDString = 5245F6C62A65B9C9007E4EBC;
			remoteInfo = IosCourseSwiftUi;
		};
		5245F6E72A65B9CC007E4EBC /* PBXContainerItemProxy */ = {
			isa = PBXContainerItemProxy;
			containerPortal = 5245F6BF2A65B9C9007E4EBC /* Project object */;
			proxyType = 1;
			remoteGlobalIDString = 5245F6C62A65B9C9007E4EBC;
			remoteInfo = IosCourseSwiftUi;
		};
/* End PBXContainerItemProxy section */

/* Begin PBXFileReference section */
		22D97E5DF7A5317B176E800E /* Pods_IosCourseSwiftUi_IosCourseSwiftUiUITests.framework */ = {isa = PBXFileReference; explicitFileType = wrapper.framework; includeInIndex = 0; path = Pods_IosCourseSwiftUi_IosCourseSwiftUiUITests.framework; sourceTree = BUILT_PRODUCTS_DIR; };
		294BB4B24EBD3CEF23BB044B /* Pods-IosCourseSwiftUi.release.xcconfig */ = {isa = PBXFileReference; includeInIndex = 1; lastKnownFileType = text.xcconfig; name = "Pods-IosCourseSwiftUi.release.xcconfig"; path = "Target Support Files/Pods-IosCourseSwiftUi/Pods-IosCourseSwiftUi.release.xcconfig"; sourceTree = "<group>"; };
		3003ED4BBEBD205C0415EBFF /* Pods-IosCourseSwiftUiTests.debug.xcconfig */ = {isa = PBXFileReference; includeInIndex = 1; lastKnownFileType = text.xcconfig; name = "Pods-IosCourseSwiftUiTests.debug.xcconfig"; path = "Target Support Files/Pods-IosCourseSwiftUiTests/Pods-IosCourseSwiftUiTests.debug.xcconfig"; sourceTree = "<group>"; };
		3C1798DB98CD0B122FC47DF2 /* Pods-IosCourseSwiftUi-IosCourseSwiftUiUITests.release.xcconfig */ = {isa = PBXFileReference; includeInIndex = 1; lastKnownFileType = text.xcconfig; name = "Pods-IosCourseSwiftUi-IosCourseSwiftUiUITests.release.xcconfig"; path = "Target Support Files/Pods-IosCourseSwiftUi-IosCourseSwiftUiUITests/Pods-IosCourseSwiftUi-IosCourseSwiftUiUITests.release.xcconfig"; sourceTree = "<group>"; };
		50A777022D62899A37A4240D /* Pods-IosCourseSwiftUi-IosCourseSwiftUiUITests.debug.xcconfig */ = {isa = PBXFileReference; includeInIndex = 1; lastKnownFileType = text.xcconfig; name = "Pods-IosCourseSwiftUi-IosCourseSwiftUiUITests.debug.xcconfig"; path = "Target Support Files/Pods-IosCourseSwiftUi-IosCourseSwiftUiUITests/Pods-IosCourseSwiftUi-IosCourseSwiftUiUITests.debug.xcconfig"; sourceTree = "<group>"; };
		5217877A2A7BEA6100CA6223 /* Components.swift */ = {isa = PBXFileReference; lastKnownFileType = sourcecode.swift; path = Components.swift; sourceTree = "<group>"; };
		5217877D2A7C04A100CA6223 /* ViewModelModule.swift */ = {isa = PBXFileReference; lastKnownFileType = sourcecode.swift; path = ViewModelModule.swift; sourceTree = "<group>"; };
		5233073B2A785DF0003AB0EF /* Inject.swift */ = {isa = PBXFileReference; lastKnownFileType = sourcecode.swift; path = Inject.swift; sourceTree = "<group>"; };
		5233073D2A785E10003AB0EF /* Resolver.swift */ = {isa = PBXFileReference; lastKnownFileType = sourcecode.swift; path = Resolver.swift; sourceTree = "<group>"; };
		5233073F2A785E5C003AB0EF /* RepositoriesModule.swift */ = {isa = PBXFileReference; lastKnownFileType = sourcecode.swift; path = RepositoriesModule.swift; sourceTree = "<group>"; };
		523A69B22A6D493D00648710 /* LoginViewModel.swift */ = {isa = PBXFileReference; lastKnownFileType = sourcecode.swift; path = LoginViewModel.swift; sourceTree = "<group>"; };
		523A69B62A6D558400648710 /* DataBaseCourse.swift */ = {isa = PBXFileReference; lastKnownFileType = sourcecode.swift; path = DataBaseCourse.swift; sourceTree = "<group>"; };
		523A69B82A6D562600648710 /* UserUseCase.swift */ = {isa = PBXFileReference; lastKnownFileType = sourcecode.swift; path = UserUseCase.swift; sourceTree = "<group>"; };
		5245F6C72A65B9C9007E4EBC /* IosCourseSwiftUi.app */ = {isa = PBXFileReference; explicitFileType = wrapper.application; includeInIndex = 0; path = IosCourseSwiftUi.app; sourceTree = BUILT_PRODUCTS_DIR; };
		5245F6CA2A65B9CA007E4EBC /* IosCourseSwiftUiApp.swift */ = {isa = PBXFileReference; lastKnownFileType = sourcecode.swift; path = IosCourseSwiftUiApp.swift; sourceTree = "<group>"; };
		5245F6CC2A65B9CA007E4EBC /* SplashScreen.swift */ = {isa = PBXFileReference; lastKnownFileType = sourcecode.swift; path = SplashScreen.swift; sourceTree = "<group>"; };
		5245F6CE2A65B9CC007E4EBC /* Assets.xcassets */ = {isa = PBXFileReference; lastKnownFileType = folder.assetcatalog; path = Assets.xcassets; sourceTree = "<group>"; };
		5245F6D12A65B9CC007E4EBC /* Preview Assets.xcassets */ = {isa = PBXFileReference; lastKnownFileType = folder.assetcatalog; path = "Preview Assets.xcassets"; sourceTree = "<group>"; };
		5245F6D62A65B9CC007E4EBC /* IosCourseSwiftUi.xcdatamodel */ = {isa = PBXFileReference; lastKnownFileType = wrapper.xcdatamodel; path = IosCourseSwiftUi.xcdatamodel; sourceTree = "<group>"; };
		5245F6DC2A65B9CC007E4EBC /* IosCourseSwiftUiTests.xctest */ = {isa = PBXFileReference; explicitFileType = wrapper.cfbundle; includeInIndex = 0; path = IosCourseSwiftUiTests.xctest; sourceTree = BUILT_PRODUCTS_DIR; };
		5245F6E02A65B9CC007E4EBC /* IosCourseSwiftUiTests.swift */ = {isa = PBXFileReference; lastKnownFileType = sourcecode.swift; path = IosCourseSwiftUiTests.swift; sourceTree = "<group>"; };
		5245F6E62A65B9CC007E4EBC /* IosCourseSwiftUiUITests.xctest */ = {isa = PBXFileReference; explicitFileType = wrapper.cfbundle; includeInIndex = 0; path = IosCourseSwiftUiUITests.xctest; sourceTree = BUILT_PRODUCTS_DIR; };
		5245F6EA2A65B9CC007E4EBC /* IosCourseSwiftUiUITests.swift */ = {isa = PBXFileReference; lastKnownFileType = sourcecode.swift; path = IosCourseSwiftUiUITests.swift; sourceTree = "<group>"; };
		5245F6EC2A65B9CC007E4EBC /* IosCourseSwiftUiUITestsLaunchTests.swift */ = {isa = PBXFileReference; lastKnownFileType = sourcecode.swift; path = IosCourseSwiftUiUITestsLaunchTests.swift; sourceTree = "<group>"; };
		528A70CA2A6EBB0E00E45CB1 /* RegisterViewModel.swift */ = {isa = PBXFileReference; lastKnownFileType = sourcecode.swift; path = RegisterViewModel.swift; sourceTree = "<group>"; };
		529B428B2A7467BB00FD38CC /* IAppUseCase.swift */ = {isa = PBXFileReference; lastKnownFileType = sourcecode.swift; path = IAppUseCase.swift; sourceTree = "<group>"; };
		529B428F2A747A1A00FD38CC /* IUserUseCase.swift */ = {isa = PBXFileReference; lastKnownFileType = sourcecode.swift; path = IUserUseCase.swift; sourceTree = "<group>"; };
		529B42932A7484DE00FD38CC /* IDataUseCase.swift */ = {isa = PBXFileReference; lastKnownFileType = sourcecode.swift; path = IDataUseCase.swift; sourceTree = "<group>"; };
		529E08692A7B24810046B176 /* IManagerUserDefault.swift */ = {isa = PBXFileReference; lastKnownFileType = sourcecode.swift; path = IManagerUserDefault.swift; sourceTree = "<group>"; };
		529E086B2A7B25110046B176 /* IDataBaseCourse.swift */ = {isa = PBXFileReference; lastKnownFileType = sourcecode.swift; path = IDataBaseCourse.swift; sourceTree = "<group>"; };
		529E086D2A7B2AC00046B176 /* IRepository.swift */ = {isa = PBXFileReference; lastKnownFileType = sourcecode.swift; path = IRepository.swift; sourceTree = "<group>"; };
		529E08712A7B2B7C0046B176 /* UseCaseModule.swift */ = {isa = PBXFileReference; lastKnownFileType = sourcecode.swift; path = UseCaseModule.swift; sourceTree = "<group>"; };
		52A7CC8B2A6DEDFA00F4813D /* PersistenceController.swift */ = {isa = PBXFileReference; lastKnownFileType = sourcecode.swift; path = PersistenceController.swift; sourceTree = "<group>"; };
		52A7CC8E2A6DFAD700F4813D /* RegisterScreem.swift */ = {isa = PBXFileReference; lastKnownFileType = sourcecode.swift; path = RegisterScreem.swift; sourceTree = "<group>"; };
		52AEBFE62A671DAC00EE7775 /* LoginScreen.swift */ = {isa = PBXFileReference; lastKnownFileType = sourcecode.swift; path = LoginScreen.swift; sourceTree = "<group>"; };
		52AEBFE92A6723C200EE7775 /* DelayedNavigationLink.swift */ = {isa = PBXFileReference; lastKnownFileType = sourcecode.swift; path = DelayedNavigationLink.swift; sourceTree = "<group>"; };
		52CCCD962A6826DB00A70826 /* SplashViewModel.swift */ = {isa = PBXFileReference; lastKnownFileType = sourcecode.swift; path = SplashViewModel.swift; sourceTree = "<group>"; };
		52CCCD9B2A6834F700A70826 /* AppUseCase.swift */ = {isa = PBXFileReference; lastKnownFileType = sourcecode.swift; path = AppUseCase.swift; sourceTree = "<group>"; };
		52CCCD9E2A68354B00A70826 /* ManagerUserDefaultt.swift */ = {isa = PBXFileReference; lastKnownFileType = sourcecode.swift; path = ManagerUserDefaultt.swift; sourceTree = "<group>"; };
		52CCCDAA2A68593000A70826 /* HomeScreem.swift */ = {isa = PBXFileReference; lastKnownFileType = sourcecode.swift; path = HomeScreem.swift; sourceTree = "<group>"; };
		52F4EE122A733276002FB485 /* HomeViewModel.swift */ = {isa = PBXFileReference; lastKnownFileType = sourcecode.swift; path = HomeViewModel.swift; sourceTree = "<group>"; };
		52F4EE152A7332EF002FB485 /* Repository.swift */ = {isa = PBXFileReference; lastKnownFileType = sourcecode.swift; path = Repository.swift; sourceTree = "<group>"; };
		52F4EE172A7337DD002FB485 /* DataUseCase.swift */ = {isa = PBXFileReference; lastKnownFileType = sourcecode.swift; path = DataUseCase.swift; sourceTree = "<group>"; };
		52F4EE192A733828002FB485 /* RecipesModel.swift */ = {isa = PBXFileReference; lastKnownFileType = sourcecode.swift; path = RecipesModel.swift; sourceTree = "<group>"; };
		52F4EE1C2A73386E002FB485 /* RecipesResponse.swift */ = {isa = PBXFileReference; lastKnownFileType = sourcecode.swift; path = RecipesResponse.swift; sourceTree = "<group>"; };
		52F95E1A2A6715E30094DCD9 /* background_splash.png */ = {isa = PBXFileReference; lastKnownFileType = image.png; path = background_splash.png; sourceTree = "<group>"; };
		663507D0AA9374DDE8F655DA /* Pods-IosCourseSwiftUi.debug.xcconfig */ = {isa = PBXFileReference; includeInIndex = 1; lastKnownFileType = text.xcconfig; name = "Pods-IosCourseSwiftUi.debug.xcconfig"; path = "Target Support Files/Pods-IosCourseSwiftUi/Pods-IosCourseSwiftUi.debug.xcconfig"; sourceTree = "<group>"; };
		9164827100F6DE236A6D6160 /* Pods_IosCourseSwiftUi.framework */ = {isa = PBXFileReference; explicitFileType = wrapper.framework; includeInIndex = 0; path = Pods_IosCourseSwiftUi.framework; sourceTree = BUILT_PRODUCTS_DIR; };
		D95BFD95D9369C176C467B5B /* Pods_IosCourseSwiftUiTests.framework */ = {isa = PBXFileReference; explicitFileType = wrapper.framework; includeInIndex = 0; path = Pods_IosCourseSwiftUiTests.framework; sourceTree = BUILT_PRODUCTS_DIR; };
		F5D49FE82D81A9946D1C435F /* Pods-IosCourseSwiftUiTests.release.xcconfig */ = {isa = PBXFileReference; includeInIndex = 1; lastKnownFileType = text.xcconfig; name = "Pods-IosCourseSwiftUiTests.release.xcconfig"; path = "Target Support Files/Pods-IosCourseSwiftUiTests/Pods-IosCourseSwiftUiTests.release.xcconfig"; sourceTree = "<group>"; };
/* End PBXFileReference section */

/* Begin PBXFrameworksBuildPhase section */
		5245F6C42A65B9C9007E4EBC /* Frameworks */ = {
			isa = PBXFrameworksBuildPhase;
			buildActionMask = 2147483647;
			files = (
				2F40616CC9F89EAE3A4EA616 /* Pods_IosCourseSwiftUi.framework in Frameworks */,
			);
			runOnlyForDeploymentPostprocessing = 0;
		};
		5245F6D92A65B9CC007E4EBC /* Frameworks */ = {
			isa = PBXFrameworksBuildPhase;
			buildActionMask = 2147483647;
			files = (
				66A5736CADABBEEBBDDDBDA6 /* Pods_IosCourseSwiftUiTests.framework in Frameworks */,
			);
			runOnlyForDeploymentPostprocessing = 0;
		};
		5245F6E32A65B9CC007E4EBC /* Frameworks */ = {
			isa = PBXFrameworksBuildPhase;
			buildActionMask = 2147483647;
			files = (
				2626B45DA7BEBF71A43B40F9 /* Pods_IosCourseSwiftUi_IosCourseSwiftUiUITests.framework in Frameworks */,
			);
			runOnlyForDeploymentPostprocessing = 0;
		};
/* End PBXFrameworksBuildPhase section */

/* Begin PBXGroup section */
		521787792A7BEA4400CA6223 /* components */ = {
			isa = PBXGroup;
			children = (
				52AEBFE92A6723C200EE7775 /* DelayedNavigationLink.swift */,
				5217877A2A7BEA6100CA6223 /* Components.swift */,
			);
			path = components;
			sourceTree = "<group>";
		};
		5217877C2A7C046600CA6223 /* di */ = {
			isa = PBXGroup;
			children = (
				5217877D2A7C04A100CA6223 /* ViewModelModule.swift */,
			);
			path = di;
			sourceTree = "<group>";
		};
		5233073A2A785DBC003AB0EF /* di */ = {
			isa = PBXGroup;
			children = (
				5233073B2A785DF0003AB0EF /* Inject.swift */,
				5233073D2A785E10003AB0EF /* Resolver.swift */,
			);
			path = di;
			sourceTree = "<group>";
		};
		523A69B52A6D556D00648710 /* database */ = {
			isa = PBXGroup;
			children = (
				529E08672A7B236E0046B176 /* api */,
				529E086B2A7B25110046B176 /* IDataBaseCourse.swift */,
			);
			path = database;
			sourceTree = "<group>";
		};
		5245F6BE2A65B9C9007E4EBC = {
			isa = PBXGroup;
			children = (
				5245F6C92A65B9C9007E4EBC /* IosCourseSwiftUi */,
				5245F6DF2A65B9CC007E4EBC /* IosCourseSwiftUiTests */,
				5245F6E92A65B9CC007E4EBC /* IosCourseSwiftUiUITests */,
				5245F6C82A65B9C9007E4EBC /* Products */,
				A9DF1D5612B39B707511EA09 /* Pods */,
				DC360B8CECF817B55EB05836 /* Frameworks */,
			);
			sourceTree = "<group>";
		};
		5245F6C82A65B9C9007E4EBC /* Products */ = {
			isa = PBXGroup;
			children = (
				5245F6C72A65B9C9007E4EBC /* IosCourseSwiftUi.app */,
				5245F6DC2A65B9CC007E4EBC /* IosCourseSwiftUiTests.xctest */,
				5245F6E62A65B9CC007E4EBC /* IosCourseSwiftUiUITests.xctest */,
			);
			name = Products;
			sourceTree = "<group>";
		};
		5245F6C92A65B9C9007E4EBC /* IosCourseSwiftUi */ = {
			isa = PBXGroup;
			children = (
				521787792A7BEA4400CA6223 /* components */,
				5233073A2A785DBC003AB0EF /* di */,
				52CCCD9A2A6834C900A70826 /* model */,
				52CCCD992A6834B700A70826 /* data */,
				52CCCD982A6834AA00A70826 /* usecases */,
				52AEBFE82A6723A600EE7775 /* utils */,
				52AEBFE32A671D2800EE7775 /* presentation */,
				5245F6CA2A65B9CA007E4EBC /* IosCourseSwiftUiApp.swift */,
				5245F6CE2A65B9CC007E4EBC /* Assets.xcassets */,
				52F95E1A2A6715E30094DCD9 /* background_splash.png */,
				5245F6D52A65B9CC007E4EBC /* IosCourseSwiftUi.xcdatamodeld */,
				5245F6D02A65B9CC007E4EBC /* Preview Content */,
			);
			path = IosCourseSwiftUi;
			sourceTree = "<group>";
		};
		5245F6D02A65B9CC007E4EBC /* Preview Content */ = {
			isa = PBXGroup;
			children = (
				5245F6D12A65B9CC007E4EBC /* Preview Assets.xcassets */,
			);
			path = "Preview Content";
			sourceTree = "<group>";
		};
		5245F6DF2A65B9CC007E4EBC /* IosCourseSwiftUiTests */ = {
			isa = PBXGroup;
			children = (
				5245F6E02A65B9CC007E4EBC /* IosCourseSwiftUiTests.swift */,
			);
			path = IosCourseSwiftUiTests;
			sourceTree = "<group>";
		};
		5245F6E92A65B9CC007E4EBC /* IosCourseSwiftUiUITests */ = {
			isa = PBXGroup;
			children = (
				5245F6EA2A65B9CC007E4EBC /* IosCourseSwiftUiUITests.swift */,
				5245F6EC2A65B9CC007E4EBC /* IosCourseSwiftUiUITestsLaunchTests.swift */,
			);
			path = IosCourseSwiftUiUITests;
			sourceTree = "<group>";
		};
		529B428A2A74678E00FD38CC /* userDefault */ = {
			isa = PBXGroup;
			children = (
				529B428B2A7467BB00FD38CC /* IAppUseCase.swift */,
			);
			path = userDefault;
			sourceTree = "<group>";
		};
		529B428D2A7479DA00FD38CC /* database */ = {
			isa = PBXGroup;
			children = (
				529B428F2A747A1A00FD38CC /* IUserUseCase.swift */,
			);
			path = database;
			sourceTree = "<group>";
		};
		529B428E2A7479E500FD38CC /* network */ = {
			isa = PBXGroup;
			children = (
				529B42932A7484DE00FD38CC /* IDataUseCase.swift */,
			);
			path = network;
			sourceTree = "<group>";
		};
		529E08662A7B23650046B176 /* api */ = {
			isa = PBXGroup;
			children = (
				52CCCD9E2A68354B00A70826 /* ManagerUserDefaultt.swift */,
			);
			path = api;
			sourceTree = "<group>";
		};
		529E08672A7B236E0046B176 /* api */ = {
			isa = PBXGroup;
			children = (
				523A69B62A6D558400648710 /* DataBaseCourse.swift */,
			);
			path = api;
			sourceTree = "<group>";
		};
		529E08682A7B23750046B176 /* api */ = {
			isa = PBXGroup;
			children = (
				52F4EE152A7332EF002FB485 /* Repository.swift */,
			);
			path = api;
			sourceTree = "<group>";
		};
		529E086F2A7B2B570046B176 /* di */ = {
			isa = PBXGroup;
			children = (
				5233073F2A785E5C003AB0EF /* RepositoriesModule.swift */,
			);
			path = di;
			sourceTree = "<group>";
		};
		529E08702A7B2B690046B176 /* di */ = {
			isa = PBXGroup;
			children = (
				529E08712A7B2B7C0046B176 /* UseCaseModule.swift */,
			);
			path = di;
			sourceTree = "<group>";
		};
		52A7CC8A2A6DEDDE00F4813D /* manager */ = {
			isa = PBXGroup;
			children = (
				52A7CC8B2A6DEDFA00F4813D /* PersistenceController.swift */,
			);
			path = manager;
			sourceTree = "<group>";
		};
		52A7CC8D2A6DFA9100F4813D /* register */ = {
			isa = PBXGroup;
			children = (
				52A7CC8E2A6DFAD700F4813D /* RegisterScreem.swift */,
				528A70CA2A6EBB0E00E45CB1 /* RegisterViewModel.swift */,
			);
			path = register;
			sourceTree = "<group>";
		};
		52AEBFE32A671D2800EE7775 /* presentation */ = {
			isa = PBXGroup;
			children = (
				5217877C2A7C046600CA6223 /* di */,
				52A7CC8D2A6DFA9100F4813D /* register */,
				52CCCDA92A68591700A70826 /* home */,
				52AEBFE52A671D5E00EE7775 /* login */,
				52AEBFE42A671D5100EE7775 /* splash */,
			);
			path = presentation;
			sourceTree = "<group>";
		};
		52AEBFE42A671D5100EE7775 /* splash */ = {
			isa = PBXGroup;
			children = (
				5245F6CC2A65B9CA007E4EBC /* SplashScreen.swift */,
				52CCCD962A6826DB00A70826 /* SplashViewModel.swift */,
			);
			path = splash;
			sourceTree = "<group>";
		};
		52AEBFE52A671D5E00EE7775 /* login */ = {
			isa = PBXGroup;
			children = (
				52AEBFE62A671DAC00EE7775 /* LoginScreen.swift */,
				523A69B22A6D493D00648710 /* LoginViewModel.swift */,
			);
			path = login;
			sourceTree = "<group>";
		};
		52AEBFE82A6723A600EE7775 /* utils */ = {
			isa = PBXGroup;
			children = (
				52A7CC8A2A6DEDDE00F4813D /* manager */,
			);
			path = utils;
			sourceTree = "<group>";
		};
		52CCCD982A6834AA00A70826 /* usecases */ = {
			isa = PBXGroup;
			children = (
				529E08702A7B2B690046B176 /* di */,
				529B428E2A7479E500FD38CC /* network */,
				529B428D2A7479DA00FD38CC /* database */,
				529B428A2A74678E00FD38CC /* userDefault */,
				52CCCD9B2A6834F700A70826 /* AppUseCase.swift */,
				523A69B82A6D562600648710 /* UserUseCase.swift */,
				52F4EE172A7337DD002FB485 /* DataUseCase.swift */,
			);
			path = usecases;
			sourceTree = "<group>";
		};
		52CCCD992A6834B700A70826 /* data */ = {
			isa = PBXGroup;
			children = (
				529E086F2A7B2B570046B176 /* di */,
				52F4EE142A7332B8002FB485 /* network */,
				523A69B52A6D556D00648710 /* database */,
				52CCCD9D2A68353200A70826 /* userdefault */,
			);
			path = data;
			sourceTree = "<group>";
		};
		52CCCD9A2A6834C900A70826 /* model */ = {
			isa = PBXGroup;
			children = (
				52F4EE192A733828002FB485 /* RecipesModel.swift */,
			);
			path = model;
			sourceTree = "<group>";
		};
		52CCCD9D2A68353200A70826 /* userdefault */ = {
			isa = PBXGroup;
			children = (
				529E08662A7B23650046B176 /* api */,
				529E08692A7B24810046B176 /* IManagerUserDefault.swift */,
			);
			path = userdefault;
			sourceTree = "<group>";
		};
		52CCCDA92A68591700A70826 /* home */ = {
			isa = PBXGroup;
			children = (
				52CCCDAA2A68593000A70826 /* HomeScreem.swift */,
				52F4EE122A733276002FB485 /* HomeViewModel.swift */,
			);
			path = home;
			sourceTree = "<group>";
		};
		52F4EE142A7332B8002FB485 /* network */ = {
			isa = PBXGroup;
			children = (
				529E08682A7B23750046B176 /* api */,
				52F4EE1B2A733859002FB485 /* response */,
				529E086D2A7B2AC00046B176 /* IRepository.swift */,
			);
			path = network;
			sourceTree = "<group>";
		};
		52F4EE1B2A733859002FB485 /* response */ = {
			isa = PBXGroup;
			children = (
				52F4EE1C2A73386E002FB485 /* RecipesResponse.swift */,
			);
			path = response;
			sourceTree = "<group>";
		};
		A9DF1D5612B39B707511EA09 /* Pods */ = {
			isa = PBXGroup;
			children = (
				663507D0AA9374DDE8F655DA /* Pods-IosCourseSwiftUi.debug.xcconfig */,
				294BB4B24EBD3CEF23BB044B /* Pods-IosCourseSwiftUi.release.xcconfig */,
				50A777022D62899A37A4240D /* Pods-IosCourseSwiftUi-IosCourseSwiftUiUITests.debug.xcconfig */,
				3C1798DB98CD0B122FC47DF2 /* Pods-IosCourseSwiftUi-IosCourseSwiftUiUITests.release.xcconfig */,
				3003ED4BBEBD205C0415EBFF /* Pods-IosCourseSwiftUiTests.debug.xcconfig */,
				F5D49FE82D81A9946D1C435F /* Pods-IosCourseSwiftUiTests.release.xcconfig */,
			);
			path = Pods;
			sourceTree = "<group>";
		};
		DC360B8CECF817B55EB05836 /* Frameworks */ = {
			isa = PBXGroup;
			children = (
				9164827100F6DE236A6D6160 /* Pods_IosCourseSwiftUi.framework */,
				22D97E5DF7A5317B176E800E /* Pods_IosCourseSwiftUi_IosCourseSwiftUiUITests.framework */,
				D95BFD95D9369C176C467B5B /* Pods_IosCourseSwiftUiTests.framework */,
			);
			name = Frameworks;
			sourceTree = "<group>";
		};
/* End PBXGroup section */

/* Begin PBXNativeTarget section */
		5245F6C62A65B9C9007E4EBC /* IosCourseSwiftUi */ = {
			isa = PBXNativeTarget;
			buildConfigurationList = 5245F6F02A65B9CC007E4EBC /* Build configuration list for PBXNativeTarget "IosCourseSwiftUi" */;
			buildPhases = (
				057162DB8AEA05ACE33BB637 /* [CP] Check Pods Manifest.lock */,
				5245F6C32A65B9C9007E4EBC /* Sources */,
				5245F6C42A65B9C9007E4EBC /* Frameworks */,
				5245F6C52A65B9C9007E4EBC /* Resources */,
				69EF55ED0BFAB8DC886CB09F /* [CP] Embed Pods Frameworks */,
			);
			buildRules = (
			);
			dependencies = (
			);
			name = IosCourseSwiftUi;
			productName = IosCourseSwiftUi;
			productReference = 5245F6C72A65B9C9007E4EBC /* IosCourseSwiftUi.app */;
			productType = "com.apple.product-type.application";
		};
		5245F6DB2A65B9CC007E4EBC /* IosCourseSwiftUiTests */ = {
			isa = PBXNativeTarget;
			buildConfigurationList = 5245F6F32A65B9CC007E4EBC /* Build configuration list for PBXNativeTarget "IosCourseSwiftUiTests" */;
			buildPhases = (
				8CFC56F332A8BF16D15F64CE /* [CP] Check Pods Manifest.lock */,
				5245F6D82A65B9CC007E4EBC /* Sources */,
				5245F6D92A65B9CC007E4EBC /* Frameworks */,
				5245F6DA2A65B9CC007E4EBC /* Resources */,
			);
			buildRules = (
			);
			dependencies = (
				5245F6DE2A65B9CC007E4EBC /* PBXTargetDependency */,
			);
			name = IosCourseSwiftUiTests;
			productName = IosCourseSwiftUiTests;
			productReference = 5245F6DC2A65B9CC007E4EBC /* IosCourseSwiftUiTests.xctest */;
			productType = "com.apple.product-type.bundle.unit-test";
		};
		5245F6E52A65B9CC007E4EBC /* IosCourseSwiftUiUITests */ = {
			isa = PBXNativeTarget;
			buildConfigurationList = 5245F6F62A65B9CC007E4EBC /* Build configuration list for PBXNativeTarget "IosCourseSwiftUiUITests" */;
			buildPhases = (
				8008153B5F11DFA1074567CF /* [CP] Check Pods Manifest.lock */,
				5245F6E22A65B9CC007E4EBC /* Sources */,
				5245F6E32A65B9CC007E4EBC /* Frameworks */,
				5245F6E42A65B9CC007E4EBC /* Resources */,
				C1351A473965175CB62C584E /* [CP] Embed Pods Frameworks */,
			);
			buildRules = (
			);
			dependencies = (
				5245F6E82A65B9CC007E4EBC /* PBXTargetDependency */,
			);
			name = IosCourseSwiftUiUITests;
			productName = IosCourseSwiftUiUITests;
			productReference = 5245F6E62A65B9CC007E4EBC /* IosCourseSwiftUiUITests.xctest */;
			productType = "com.apple.product-type.bundle.ui-testing";
		};
/* End PBXNativeTarget section */

/* Begin PBXProject section */
		5245F6BF2A65B9C9007E4EBC /* Project object */ = {
			isa = PBXProject;
			attributes = {
				BuildIndependentTargetsInParallel = 1;
				LastSwiftUpdateCheck = 1430;
				LastUpgradeCheck = 1430;
				TargetAttributes = {
					5245F6C62A65B9C9007E4EBC = {
						CreatedOnToolsVersion = 14.3.1;
					};
					5245F6DB2A65B9CC007E4EBC = {
						CreatedOnToolsVersion = 14.3.1;
						TestTargetID = 5245F6C62A65B9C9007E4EBC;
					};
					5245F6E52A65B9CC007E4EBC = {
						CreatedOnToolsVersion = 14.3.1;
						TestTargetID = 5245F6C62A65B9C9007E4EBC;
					};
				};
			};
			buildConfigurationList = 5245F6C22A65B9C9007E4EBC /* Build configuration list for PBXProject "IosCourseSwiftUi" */;
			compatibilityVersion = "Xcode 14.0";
			developmentRegion = en;
			hasScannedForEncodings = 0;
			knownRegions = (
				en,
				Base,
			);
			mainGroup = 5245F6BE2A65B9C9007E4EBC;
			productRefGroup = 5245F6C82A65B9C9007E4EBC /* Products */;
			projectDirPath = "";
			projectRoot = "";
			targets = (
				5245F6C62A65B9C9007E4EBC /* IosCourseSwiftUi */,
				5245F6DB2A65B9CC007E4EBC /* IosCourseSwiftUiTests */,
				5245F6E52A65B9CC007E4EBC /* IosCourseSwiftUiUITests */,
			);
		};
/* End PBXProject section */

/* Begin PBXResourcesBuildPhase section */
		5245F6C52A65B9C9007E4EBC /* Resources */ = {
			isa = PBXResourcesBuildPhase;
			buildActionMask = 2147483647;
			files = (
				52F95E1B2A6715E30094DCD9 /* background_splash.png in Resources */,
				5245F6D22A65B9CC007E4EBC /* Preview Assets.xcassets in Resources */,
				5245F6CF2A65B9CC007E4EBC /* Assets.xcassets in Resources */,
			);
			runOnlyForDeploymentPostprocessing = 0;
		};
		5245F6DA2A65B9CC007E4EBC /* Resources */ = {
			isa = PBXResourcesBuildPhase;
			buildActionMask = 2147483647;
			files = (
			);
			runOnlyForDeploymentPostprocessing = 0;
		};
		5245F6E42A65B9CC007E4EBC /* Resources */ = {
			isa = PBXResourcesBuildPhase;
			buildActionMask = 2147483647;
			files = (
			);
			runOnlyForDeploymentPostprocessing = 0;
		};
/* End PBXResourcesBuildPhase section */

/* Begin PBXShellScriptBuildPhase section */
		057162DB8AEA05ACE33BB637 /* [CP] Check Pods Manifest.lock */ = {
			isa = PBXShellScriptBuildPhase;
			buildActionMask = 2147483647;
			files = (
			);
			inputFileListPaths = (
			);
			inputPaths = (
				"${PODS_PODFILE_DIR_PATH}/Podfile.lock",
				"${PODS_ROOT}/Manifest.lock",
			);
			name = "[CP] Check Pods Manifest.lock";
			outputFileListPaths = (
			);
			outputPaths = (
				"$(DERIVED_FILE_DIR)/Pods-IosCourseSwiftUi-checkManifestLockResult.txt",
			);
			runOnlyForDeploymentPostprocessing = 0;
			shellPath = /bin/sh;
			shellScript = "diff \"${PODS_PODFILE_DIR_PATH}/Podfile.lock\" \"${PODS_ROOT}/Manifest.lock\" > /dev/null\nif [ $? != 0 ] ; then\n    # print error to STDERR\n    echo \"error: The sandbox is not in sync with the Podfile.lock. Run 'pod install' or update your CocoaPods installation.\" >&2\n    exit 1\nfi\n# This output is used by Xcode 'outputs' to avoid re-running this script phase.\necho \"SUCCESS\" > \"${SCRIPT_OUTPUT_FILE_0}\"\n";
			showEnvVarsInLog = 0;
		};
		69EF55ED0BFAB8DC886CB09F /* [CP] Embed Pods Frameworks */ = {
			isa = PBXShellScriptBuildPhase;
			buildActionMask = 2147483647;
			files = (
			);
			inputFileListPaths = (
				"${PODS_ROOT}/Target Support Files/Pods-IosCourseSwiftUi/Pods-IosCourseSwiftUi-frameworks-${CONFIGURATION}-input-files.xcfilelist",
			);
			name = "[CP] Embed Pods Frameworks";
			outputFileListPaths = (
				"${PODS_ROOT}/Target Support Files/Pods-IosCourseSwiftUi/Pods-IosCourseSwiftUi-frameworks-${CONFIGURATION}-output-files.xcfilelist",
			);
			runOnlyForDeploymentPostprocessing = 0;
			shellPath = /bin/sh;
			shellScript = "\"${PODS_ROOT}/Target Support Files/Pods-IosCourseSwiftUi/Pods-IosCourseSwiftUi-frameworks.sh\"\n";
			showEnvVarsInLog = 0;
		};
		8008153B5F11DFA1074567CF /* [CP] Check Pods Manifest.lock */ = {
			isa = PBXShellScriptBuildPhase;
			buildActionMask = 2147483647;
			files = (
			);
			inputFileListPaths = (
			);
			inputPaths = (
				"${PODS_PODFILE_DIR_PATH}/Podfile.lock",
				"${PODS_ROOT}/Manifest.lock",
			);
			name = "[CP] Check Pods Manifest.lock";
			outputFileListPaths = (
			);
			outputPaths = (
				"$(DERIVED_FILE_DIR)/Pods-IosCourseSwiftUi-IosCourseSwiftUiUITests-checkManifestLockResult.txt",
			);
			runOnlyForDeploymentPostprocessing = 0;
			shellPath = /bin/sh;
			shellScript = "diff \"${PODS_PODFILE_DIR_PATH}/Podfile.lock\" \"${PODS_ROOT}/Manifest.lock\" > /dev/null\nif [ $? != 0 ] ; then\n    # print error to STDERR\n    echo \"error: The sandbox is not in sync with the Podfile.lock. Run 'pod install' or update your CocoaPods installation.\" >&2\n    exit 1\nfi\n# This output is used by Xcode 'outputs' to avoid re-running this script phase.\necho \"SUCCESS\" > \"${SCRIPT_OUTPUT_FILE_0}\"\n";
			showEnvVarsInLog = 0;
		};
		8CFC56F332A8BF16D15F64CE /* [CP] Check Pods Manifest.lock */ = {
			isa = PBXShellScriptBuildPhase;
			buildActionMask = 2147483647;
			files = (
			);
			inputFileListPaths = (
			);
			inputPaths = (
				"${PODS_PODFILE_DIR_PATH}/Podfile.lock",
				"${PODS_ROOT}/Manifest.lock",
			);
			name = "[CP] Check Pods Manifest.lock";
			outputFileListPaths = (
			);
			outputPaths = (
				"$(DERIVED_FILE_DIR)/Pods-IosCourseSwiftUiTests-checkManifestLockResult.txt",
			);
			runOnlyForDeploymentPostprocessing = 0;
			shellPath = /bin/sh;
			shellScript = "diff \"${PODS_PODFILE_DIR_PATH}/Podfile.lock\" \"${PODS_ROOT}/Manifest.lock\" > /dev/null\nif [ $? != 0 ] ; then\n    # print error to STDERR\n    echo \"error: The sandbox is not in sync with the Podfile.lock. Run 'pod install' or update your CocoaPods installation.\" >&2\n    exit 1\nfi\n# This output is used by Xcode 'outputs' to avoid re-running this script phase.\necho \"SUCCESS\" > \"${SCRIPT_OUTPUT_FILE_0}\"\n";
			showEnvVarsInLog = 0;
		};
		C1351A473965175CB62C584E /* [CP] Embed Pods Frameworks */ = {
			isa = PBXShellScriptBuildPhase;
			buildActionMask = 2147483647;
			files = (
			);
			inputFileListPaths = (
				"${PODS_ROOT}/Target Support Files/Pods-IosCourseSwiftUi-IosCourseSwiftUiUITests/Pods-IosCourseSwiftUi-IosCourseSwiftUiUITests-frameworks-${CONFIGURATION}-input-files.xcfilelist",
			);
			name = "[CP] Embed Pods Frameworks";
			outputFileListPaths = (
				"${PODS_ROOT}/Target Support Files/Pods-IosCourseSwiftUi-IosCourseSwiftUiUITests/Pods-IosCourseSwiftUi-IosCourseSwiftUiUITests-frameworks-${CONFIGURATION}-output-files.xcfilelist",
			);
			runOnlyForDeploymentPostprocessing = 0;
			shellPath = /bin/sh;
			shellScript = "\"${PODS_ROOT}/Target Support Files/Pods-IosCourseSwiftUi-IosCourseSwiftUiUITests/Pods-IosCourseSwiftUi-IosCourseSwiftUiUITests-frameworks.sh\"\n";
			showEnvVarsInLog = 0;
		};
/* End PBXShellScriptBuildPhase section */

/* Begin PBXSourcesBuildPhase section */
		5245F6C32A65B9C9007E4EBC /* Sources */ = {
			isa = PBXSourcesBuildPhase;
			buildActionMask = 2147483647;
			files = (
				52CCCDAB2A68593000A70826 /* HomeScreem.swift in Sources */,
				528A70CB2A6EBB0E00E45CB1 /* RegisterViewModel.swift in Sources */,
				5217877E2A7C04A200CA6223 /* ViewModelModule.swift in Sources */,
				52F4EE1A2A733828002FB485 /* RecipesModel.swift in Sources */,
				52A7CC8F2A6DFAD700F4813D /* RegisterScreem.swift in Sources */,
				529E086A2A7B24810046B176 /* IManagerUserDefault.swift in Sources */,
				52F4EE182A7337DD002FB485 /* DataUseCase.swift in Sources */,
				5233073E2A785E10003AB0EF /* Resolver.swift in Sources */,
				52F4EE132A733276002FB485 /* HomeViewModel.swift in Sources */,
				529E086E2A7B2AC00046B176 /* IRepository.swift in Sources */,
				5245F6D72A65B9CC007E4EBC /* IosCourseSwiftUi.xcdatamodeld in Sources */,
				52AEBFE72A671DAC00EE7775 /* LoginScreen.swift in Sources */,
				52AEBFEA2A6723C200EE7775 /* DelayedNavigationLink.swift in Sources */,
				523A69B72A6D558400648710 /* DataBaseCourse.swift in Sources */,
				523307402A785E5C003AB0EF /* RepositoriesModule.swift in Sources */,
				5217877B2A7BEA6100CA6223 /* Components.swift in Sources */,
				52F4EE1D2A73386E002FB485 /* RecipesResponse.swift in Sources */,
				529E08722A7B2B7C0046B176 /* UseCaseModule.swift in Sources */,
				52CCCD9C2A6834F800A70826 /* AppUseCase.swift in Sources */,
				52CCCD972A6826DB00A70826 /* SplashViewModel.swift in Sources */,
				5245F6CD2A65B9CA007E4EBC /* SplashScreen.swift in Sources */,
				523A69B92A6D562600648710 /* UserUseCase.swift in Sources */,
				529B42942A7484DE00FD38CC /* IDataUseCase.swift in Sources */,
				52F4EE162A7332EF002FB485 /* Repository.swift in Sources */,
				529B42902A747A1A00FD38CC /* IUserUseCase.swift in Sources */,
				5245F6CB2A65B9CA007E4EBC /* IosCourseSwiftUiApp.swift in Sources */,
				529B428C2A7467BB00FD38CC /* IAppUseCase.swift in Sources */,
				5233073C2A785DF0003AB0EF /* Inject.swift in Sources */,
				52A7CC8C2A6DEDFA00F4813D /* PersistenceController.swift in Sources */,
				523A69B32A6D493D00648710 /* LoginViewModel.swift in Sources */,
				52CCCD9F2A68354B00A70826 /* ManagerUserDefaultt.swift in Sources */,
				529E086C2A7B25110046B176 /* IDataBaseCourse.swift in Sources */,
			);
			runOnlyForDeploymentPostprocessing = 0;
		};
		5245F6D82A65B9CC007E4EBC /* Sources */ = {
			isa = PBXSourcesBuildPhase;
			buildActionMask = 2147483647;
			files = (
				5245F6E12A65B9CC007E4EBC /* IosCourseSwiftUiTests.swift in Sources */,
			);
			runOnlyForDeploymentPostprocessing = 0;
		};
		5245F6E22A65B9CC007E4EBC /* Sources */ = {
			isa = PBXSourcesBuildPhase;
			buildActionMask = 2147483647;
			files = (
				5245F6EB2A65B9CC007E4EBC /* IosCourseSwiftUiUITests.swift in Sources */,
				5245F6ED2A65B9CC007E4EBC /* IosCourseSwiftUiUITestsLaunchTests.swift in Sources */,
			);
			runOnlyForDeploymentPostprocessing = 0;
		};
/* End PBXSourcesBuildPhase section */

/* Begin PBXTargetDependency section */
		5245F6DE2A65B9CC007E4EBC /* PBXTargetDependency */ = {
			isa = PBXTargetDependency;
			target = 5245F6C62A65B9C9007E4EBC /* IosCourseSwiftUi */;
			targetProxy = 5245F6DD2A65B9CC007E4EBC /* PBXContainerItemProxy */;
		};
		5245F6E82A65B9CC007E4EBC /* PBXTargetDependency */ = {
			isa = PBXTargetDependency;
			target = 5245F6C62A65B9C9007E4EBC /* IosCourseSwiftUi */;
			targetProxy = 5245F6E72A65B9CC007E4EBC /* PBXContainerItemProxy */;
		};
/* End PBXTargetDependency section */

/* Begin XCBuildConfiguration section */
		5245F6EE2A65B9CC007E4EBC /* Debug */ = {
			isa = XCBuildConfiguration;
			buildSettings = {
				ALWAYS_SEARCH_USER_PATHS = NO;
				CLANG_ANALYZER_NONNULL = YES;
				CLANG_ANALYZER_NUMBER_OBJECT_CONVERSION = YES_AGGRESSIVE;
				CLANG_CXX_LANGUAGE_STANDARD = "gnu++20";
				CLANG_ENABLE_MODULES = YES;
				CLANG_ENABLE_OBJC_ARC = YES;
				CLANG_ENABLE_OBJC_WEAK = YES;
				CLANG_WARN_BLOCK_CAPTURE_AUTORELEASING = YES;
				CLANG_WARN_BOOL_CONVERSION = YES;
				CLANG_WARN_COMMA = YES;
				CLANG_WARN_CONSTANT_CONVERSION = YES;
				CLANG_WARN_DEPRECATED_OBJC_IMPLEMENTATIONS = YES;
				CLANG_WARN_DIRECT_OBJC_ISA_USAGE = YES_ERROR;
				CLANG_WARN_DOCUMENTATION_COMMENTS = YES;
				CLANG_WARN_EMPTY_BODY = YES;
				CLANG_WARN_ENUM_CONVERSION = YES;
				CLANG_WARN_INFINITE_RECURSION = YES;
				CLANG_WARN_INT_CONVERSION = YES;
				CLANG_WARN_NON_LITERAL_NULL_CONVERSION = YES;
				CLANG_WARN_OBJC_IMPLICIT_RETAIN_SELF = YES;
				CLANG_WARN_OBJC_LITERAL_CONVERSION = YES;
				CLANG_WARN_OBJC_ROOT_CLASS = YES_ERROR;
				CLANG_WARN_QUOTED_INCLUDE_IN_FRAMEWORK_HEADER = YES;
				CLANG_WARN_RANGE_LOOP_ANALYSIS = YES;
				CLANG_WARN_STRICT_PROTOTYPES = YES;
				CLANG_WARN_SUSPICIOUS_MOVE = YES;
				CLANG_WARN_UNGUARDED_AVAILABILITY = YES_AGGRESSIVE;
				CLANG_WARN_UNREACHABLE_CODE = YES;
				CLANG_WARN__DUPLICATE_METHOD_MATCH = YES;
				COPY_PHASE_STRIP = NO;
				DEBUG_INFORMATION_FORMAT = dwarf;
				ENABLE_STRICT_OBJC_MSGSEND = YES;
				ENABLE_TESTABILITY = YES;
				GCC_C_LANGUAGE_STANDARD = gnu11;
				GCC_DYNAMIC_NO_PIC = NO;
				GCC_NO_COMMON_BLOCKS = YES;
				GCC_OPTIMIZATION_LEVEL = 0;
				GCC_PREPROCESSOR_DEFINITIONS = (
					"DEBUG=1",
					"$(inherited)",
				);
				GCC_WARN_64_TO_32_BIT_CONVERSION = YES;
				GCC_WARN_ABOUT_RETURN_TYPE = YES_ERROR;
				GCC_WARN_UNDECLARED_SELECTOR = YES;
				GCC_WARN_UNINITIALIZED_AUTOS = YES_AGGRESSIVE;
				GCC_WARN_UNUSED_FUNCTION = YES;
				GCC_WARN_UNUSED_VARIABLE = YES;
				IPHONEOS_DEPLOYMENT_TARGET = 16.4;
				MTL_ENABLE_DEBUG_INFO = INCLUDE_SOURCE;
				MTL_FAST_MATH = YES;
				ONLY_ACTIVE_ARCH = YES;
				SDKROOT = iphoneos;
				SWIFT_ACTIVE_COMPILATION_CONDITIONS = DEBUG;
				SWIFT_OPTIMIZATION_LEVEL = "-Onone";
			};
			name = Debug;
		};
		5245F6EF2A65B9CC007E4EBC /* Release */ = {
			isa = XCBuildConfiguration;
			buildSettings = {
				ALWAYS_SEARCH_USER_PATHS = NO;
				CLANG_ANALYZER_NONNULL = YES;
				CLANG_ANALYZER_NUMBER_OBJECT_CONVERSION = YES_AGGRESSIVE;
				CLANG_CXX_LANGUAGE_STANDARD = "gnu++20";
				CLANG_ENABLE_MODULES = YES;
				CLANG_ENABLE_OBJC_ARC = YES;
				CLANG_ENABLE_OBJC_WEAK = YES;
				CLANG_WARN_BLOCK_CAPTURE_AUTORELEASING = YES;
				CLANG_WARN_BOOL_CONVERSION = YES;
				CLANG_WARN_COMMA = YES;
				CLANG_WARN_CONSTANT_CONVERSION = YES;
				CLANG_WARN_DEPRECATED_OBJC_IMPLEMENTATIONS = YES;
				CLANG_WARN_DIRECT_OBJC_ISA_USAGE = YES_ERROR;
				CLANG_WARN_DOCUMENTATION_COMMENTS = YES;
				CLANG_WARN_EMPTY_BODY = YES;
				CLANG_WARN_ENUM_CONVERSION = YES;
				CLANG_WARN_INFINITE_RECURSION = YES;
				CLANG_WARN_INT_CONVERSION = YES;
				CLANG_WARN_NON_LITERAL_NULL_CONVERSION = YES;
				CLANG_WARN_OBJC_IMPLICIT_RETAIN_SELF = YES;
				CLANG_WARN_OBJC_LITERAL_CONVERSION = YES;
				CLANG_WARN_OBJC_ROOT_CLASS = YES_ERROR;
				CLANG_WARN_QUOTED_INCLUDE_IN_FRAMEWORK_HEADER = YES;
				CLANG_WARN_RANGE_LOOP_ANALYSIS = YES;
				CLANG_WARN_STRICT_PROTOTYPES = YES;
				CLANG_WARN_SUSPICIOUS_MOVE = YES;
				CLANG_WARN_UNGUARDED_AVAILABILITY = YES_AGGRESSIVE;
				CLANG_WARN_UNREACHABLE_CODE = YES;
				CLANG_WARN__DUPLICATE_METHOD_MATCH = YES;
				COPY_PHASE_STRIP = NO;
				DEBUG_INFORMATION_FORMAT = "dwarf-with-dsym";
				ENABLE_NS_ASSERTIONS = NO;
				ENABLE_STRICT_OBJC_MSGSEND = YES;
				GCC_C_LANGUAGE_STANDARD = gnu11;
				GCC_NO_COMMON_BLOCKS = YES;
				GCC_WARN_64_TO_32_BIT_CONVERSION = YES;
				GCC_WARN_ABOUT_RETURN_TYPE = YES_ERROR;
				GCC_WARN_UNDECLARED_SELECTOR = YES;
				GCC_WARN_UNINITIALIZED_AUTOS = YES_AGGRESSIVE;
				GCC_WARN_UNUSED_FUNCTION = YES;
				GCC_WARN_UNUSED_VARIABLE = YES;
				IPHONEOS_DEPLOYMENT_TARGET = 16.4;
				MTL_ENABLE_DEBUG_INFO = NO;
				MTL_FAST_MATH = YES;
				SDKROOT = iphoneos;
				SWIFT_COMPILATION_MODE = wholemodule;
				SWIFT_OPTIMIZATION_LEVEL = "-O";
				VALIDATE_PRODUCT = YES;
			};
			name = Release;
		};
		5245F6F12A65B9CC007E4EBC /* Debug */ = {
			isa = XCBuildConfiguration;
			baseConfigurationReference = 663507D0AA9374DDE8F655DA /* Pods-IosCourseSwiftUi.debug.xcconfig */;
			buildSettings = {
				ASSETCATALOG_COMPILER_APPICON_NAME = AppIcon;
				ASSETCATALOG_COMPILER_GLOBAL_ACCENT_COLOR_NAME = AccentColor;
				CODE_SIGN_STYLE = Automatic;
				CURRENT_PROJECT_VERSION = 1;
				DEVELOPMENT_ASSET_PATHS = "\"IosCourseSwiftUi/Preview Content\"";
				ENABLE_PREVIEWS = YES;
				GENERATE_INFOPLIST_FILE = YES;
				INFOPLIST_KEY_UIApplicationSceneManifest_Generation = YES;
				INFOPLIST_KEY_UIApplicationSupportsIndirectInputEvents = YES;
				INFOPLIST_KEY_UILaunchScreen_Generation = YES;
				INFOPLIST_KEY_UISupportedInterfaceOrientations_iPad = "UIInterfaceOrientationPortrait UIInterfaceOrientationPortraitUpsideDown UIInterfaceOrientationLandscapeLeft UIInterfaceOrientationLandscapeRight";
				INFOPLIST_KEY_UISupportedInterfaceOrientations_iPhone = "UIInterfaceOrientationPortrait UIInterfaceOrientationLandscapeLeft UIInterfaceOrientationLandscapeRight";
				LD_RUNPATH_SEARCH_PATHS = (
					"$(inherited)",
					"@executable_path/Frameworks",
				);
				MARKETING_VERSION = 1.0;
				PRODUCT_BUNDLE_IDENTIFIER = com.test.demo.IosCourseSwiftUi.IosCourseSwiftUi;
				PRODUCT_NAME = "$(TARGET_NAME)";
				SWIFT_EMIT_LOC_STRINGS = YES;
				SWIFT_VERSION = 5.0;
				TARGETED_DEVICE_FAMILY = "1,2";
			};
			name = Debug;
		};
		5245F6F22A65B9CC007E4EBC /* Release */ = {
			isa = XCBuildConfiguration;
			baseConfigurationReference = 294BB4B24EBD3CEF23BB044B /* Pods-IosCourseSwiftUi.release.xcconfig */;
			buildSettings = {
				ASSETCATALOG_COMPILER_APPICON_NAME = AppIcon;
				ASSETCATALOG_COMPILER_GLOBAL_ACCENT_COLOR_NAME = AccentColor;
				CODE_SIGN_STYLE = Automatic;
				CURRENT_PROJECT_VERSION = 1;
				DEVELOPMENT_ASSET_PATHS = "\"IosCourseSwiftUi/Preview Content\"";
				ENABLE_PREVIEWS = YES;
				GENERATE_INFOPLIST_FILE = YES;
				INFOPLIST_KEY_UIApplicationSceneManifest_Generation = YES;
				INFOPLIST_KEY_UIApplicationSupportsIndirectInputEvents = YES;
				INFOPLIST_KEY_UILaunchScreen_Generation = YES;
				INFOPLIST_KEY_UISupportedInterfaceOrientations_iPad = "UIInterfaceOrientationPortrait UIInterfaceOrientationPortraitUpsideDown UIInterfaceOrientationLandscapeLeft UIInterfaceOrientationLandscapeRight";
				INFOPLIST_KEY_UISupportedInterfaceOrientations_iPhone = "UIInterfaceOrientationPortrait UIInterfaceOrientationLandscapeLeft UIInterfaceOrientationLandscapeRight";
				LD_RUNPATH_SEARCH_PATHS = (
					"$(inherited)",
					"@executable_path/Frameworks",
				);
				MARKETING_VERSION = 1.0;
				PRODUCT_BUNDLE_IDENTIFIER = com.test.demo.IosCourseSwiftUi.IosCourseSwiftUi;
				PRODUCT_NAME = "$(TARGET_NAME)";
				SWIFT_EMIT_LOC_STRINGS = YES;
				SWIFT_VERSION = 5.0;
				TARGETED_DEVICE_FAMILY = "1,2";
			};
			name = Release;
		};
		5245F6F42A65B9CC007E4EBC /* Debug */ = {
			isa = XCBuildConfiguration;
			baseConfigurationReference = 3003ED4BBEBD205C0415EBFF /* Pods-IosCourseSwiftUiTests.debug.xcconfig */;
			buildSettings = {
				ALWAYS_EMBED_SWIFT_STANDARD_LIBRARIES = YES;
				BUNDLE_LOADER = "$(TEST_HOST)";
				CODE_SIGN_STYLE = Automatic;
				CURRENT_PROJECT_VERSION = 1;
				GENERATE_INFOPLIST_FILE = YES;
				IPHONEOS_DEPLOYMENT_TARGET = 16.4;
				MARKETING_VERSION = 1.0;
				PRODUCT_BUNDLE_IDENTIFIER = com.test.demo.IosCourseSwiftUi.IosCourseSwiftUiTests;
				PRODUCT_NAME = "$(TARGET_NAME)";
				SWIFT_EMIT_LOC_STRINGS = NO;
				SWIFT_VERSION = 5.0;
				TARGETED_DEVICE_FAMILY = "1,2";
				TEST_HOST = "$(BUILT_PRODUCTS_DIR)/IosCourseSwiftUi.app/$(BUNDLE_EXECUTABLE_FOLDER_PATH)/IosCourseSwiftUi";
			};
			name = Debug;
		};
		5245F6F52A65B9CC007E4EBC /* Release */ = {
			isa = XCBuildConfiguration;
			baseConfigurationReference = F5D49FE82D81A9946D1C435F /* Pods-IosCourseSwiftUiTests.release.xcconfig */;
			buildSettings = {
				ALWAYS_EMBED_SWIFT_STANDARD_LIBRARIES = YES;
				BUNDLE_LOADER = "$(TEST_HOST)";
				CODE_SIGN_STYLE = Automatic;
				CURRENT_PROJECT_VERSION = 1;
				GENERATE_INFOPLIST_FILE = YES;
				IPHONEOS_DEPLOYMENT_TARGET = 16.4;
				MARKETING_VERSION = 1.0;
				PRODUCT_BUNDLE_IDENTIFIER = com.test.demo.IosCourseSwiftUi.IosCourseSwiftUiTests;
				PRODUCT_NAME = "$(TARGET_NAME)";
				SWIFT_EMIT_LOC_STRINGS = NO;
				SWIFT_VERSION = 5.0;
				TARGETED_DEVICE_FAMILY = "1,2";
				TEST_HOST = "$(BUILT_PRODUCTS_DIR)/IosCourseSwiftUi.app/$(BUNDLE_EXECUTABLE_FOLDER_PATH)/IosCourseSwiftUi";
			};
			name = Release;
		};
		5245F6F72A65B9CC007E4EBC /* Debug */ = {
			isa = XCBuildConfiguration;
			baseConfigurationReference = 50A777022D62899A37A4240D /* Pods-IosCourseSwiftUi-IosCourseSwiftUiUITests.debug.xcconfig */;
			buildSettings = {
				ALWAYS_EMBED_SWIFT_STANDARD_LIBRARIES = YES;
				CODE_SIGN_STYLE = Automatic;
				CURRENT_PROJECT_VERSION = 1;
				GENERATE_INFOPLIST_FILE = YES;
				MARKETING_VERSION = 1.0;
				PRODUCT_BUNDLE_IDENTIFIER = com.test.demo.IosCourseSwiftUi.IosCourseSwiftUiUITests;
				PRODUCT_NAME = "$(TARGET_NAME)";
				SWIFT_EMIT_LOC_STRINGS = NO;
				SWIFT_VERSION = 5.0;
				TARGETED_DEVICE_FAMILY = "1,2";
				TEST_TARGET_NAME = IosCourseSwiftUi;
			};
			name = Debug;
		};
		5245F6F82A65B9CC007E4EBC /* Release */ = {
			isa = XCBuildConfiguration;
			baseConfigurationReference = 3C1798DB98CD0B122FC47DF2 /* Pods-IosCourseSwiftUi-IosCourseSwiftUiUITests.release.xcconfig */;
			buildSettings = {
				ALWAYS_EMBED_SWIFT_STANDARD_LIBRARIES = YES;
				CODE_SIGN_STYLE = Automatic;
				CURRENT_PROJECT_VERSION = 1;
				GENERATE_INFOPLIST_FILE = YES;
				MARKETING_VERSION = 1.0;
				PRODUCT_BUNDLE_IDENTIFIER = com.test.demo.IosCourseSwiftUi.IosCourseSwiftUiUITests;
				PRODUCT_NAME = "$(TARGET_NAME)";
				SWIFT_EMIT_LOC_STRINGS = NO;
				SWIFT_VERSION = 5.0;
				TARGETED_DEVICE_FAMILY = "1,2";
				TEST_TARGET_NAME = IosCourseSwiftUi;
			};
			name = Release;
		};
/* End XCBuildConfiguration section */

/* Begin XCConfigurationList section */
		5245F6C22A65B9C9007E4EBC /* Build configuration list for PBXProject "IosCourseSwiftUi" */ = {
			isa = XCConfigurationList;
			buildConfigurations = (
				5245F6EE2A65B9CC007E4EBC /* Debug */,
				5245F6EF2A65B9CC007E4EBC /* Release */,
			);
			defaultConfigurationIsVisible = 0;
			defaultConfigurationName = Release;
		};
		5245F6F02A65B9CC007E4EBC /* Build configuration list for PBXNativeTarget "IosCourseSwiftUi" */ = {
			isa = XCConfigurationList;
			buildConfigurations = (
				5245F6F12A65B9CC007E4EBC /* Debug */,
				5245F6F22A65B9CC007E4EBC /* Release */,
			);
			defaultConfigurationIsVisible = 0;
			defaultConfigurationName = Release;
		};
		5245F6F32A65B9CC007E4EBC /* Build configuration list for PBXNativeTarget "IosCourseSwiftUiTests" */ = {
			isa = XCConfigurationList;
			buildConfigurations = (
				5245F6F42A65B9CC007E4EBC /* Debug */,
				5245F6F52A65B9CC007E4EBC /* Release */,
			);
			defaultConfigurationIsVisible = 0;
			defaultConfigurationName = Release;
		};
		5245F6F62A65B9CC007E4EBC /* Build configuration list for PBXNativeTarget "IosCourseSwiftUiUITests" */ = {
			isa = XCConfigurationList;
			buildConfigurations = (
				5245F6F72A65B9CC007E4EBC /* Debug */,
				5245F6F82A65B9CC007E4EBC /* Release */,
			);
			defaultConfigurationIsVisible = 0;
			defaultConfigurationName = Release;
		};
/* End XCConfigurationList section */

/* Begin XCVersionGroup section */
		5245F6D52A65B9CC007E4EBC /* IosCourseSwiftUi.xcdatamodeld */ = {
			isa = XCVersionGroup;
			children = (
				5245F6D62A65B9CC007E4EBC /* IosCourseSwiftUi.xcdatamodel */,
			);
			currentVersion = 5245F6D62A65B9CC007E4EBC /* IosCourseSwiftUi.xcdatamodel */;
			path = IosCourseSwiftUi.xcdatamodeld;
			sourceTree = "<group>";
			versionGroupType = wrapper.xcdatamodel;
		};
/* End XCVersionGroup section */
	};
	rootObject = 5245F6BF2A65B9C9007E4EBC /* Project object */;
}
